eliasnaur.com/font v0.0.0-20230308162249-dd43949cb42d h1:ARo7NCVvN2NdhLlJE9xAbKweuI9L6UgfTbYb0YwPacY=
eliasnaur.com/font v0.0.0-20230308162249-dd43949cb42d/go.mod h1:OYVuxibdk9OSLX8vAqydtRPP87PyTFcT9uH3MlEGBQA=
gioui.org v0.8.1-0.20250223181602-72a72a2bc21a h1:s87Jhp366z1StNZmdOBu2696L6k+NQR7jFV9k8BNK88=
gioui.org v0.8.1-0.20250223181602-72a72a2bc21a/go.mod h1:JnoLsqpYezue9ZRMG7E2hOXar1/oAE9ZFkiFfF4oULs=
gioui.org/cmd v0.8.0 h1:oy5qOlc1UXcglc5HBCMZQELiIzQ2obhT98mw+SuWafQ=
gioui.org/cmd v0.8.0/go.mod h1:wKLAyAgRR25VMYFzGX2Ecia0m0Td562wDcZ3LaPHPTI=
gioui.org/cpu v0.0.0-20210808092351-bfe733dd3334/go.mod h1:A8M0Cn5o+vY5LTMlnRoK3O5kG+rH0kWfJjeKd9QpBmQ=
gioui.org/example v0.8.2-0.20250227093625-76286d538a44 h1:fNFDQk9ApJ3NCowGH8FJOQI2CdmPgG8eRtTkmVZtS+o=
gioui.org/example v0.8.2-0.20250227093625-76286d538a44/go.mod h1:NTctrwkcz3Jj2TbcgPTaqmQjDZaRhvcJr2Hn8uA6BLI=
gioui.org/shader v1.0.8 h1:6ks0o/A+b0ne7RzEqRZK5f4Gboz2CfG+mVliciy6+qA=
gioui.org/shader v1.0.8/go.mod h1:mWdiME581d/kV7/iEhLmUgUK5iZ09XR5XpduXzbePVM=
gioui.org/x v0.8.2-0.20250115181849-c005f2ad1592 h1:n7iW0im2lkdwiykN/WkQYDaJbRxxQ8ojag3AvyOcv/o=
gioui.org/x v0.8.2-0.20250115181849-c005f2ad1592/go.mod h1:v2g60aiZtIVR7lNFXZ123+U0kijJeOChODSuqr7MFSI=
git.wow.st/gmp/jni v0.0.0-20210610011705-34026c7e22d0 h1:bGG/g4ypjrCJoSvFrP5hafr9PPB5aw8SjcOWWila7ZI=
git.wow.st/gmp/jni v0.0.0-20210610011705-34026c7e22d0/go.mod h1:+axXBRUTIDlCeE73IKeD/os7LoEnTKdkp8/gQOFjqyo=
github.com/akavel/rsrc v0.10.1 h1:hCCPImjmFKVNGpeLZyTDRHEFC283DzyTXTo0cO0Rq9o=
github.com/akavel/rsrc v0.10.1/go.mod h1:uLoCtb9J+EyAqh+26kdrTgmzRBFPGOolLWKpdxkKq+c=
github.com/alecthomas/assert/v2 v2.11.0 h1:2Q9r3ki8+JYXvGsDyBXwH3LcJ+WK5D0gc5E8vS6K3D0=
github.com/alecthomas/assert/v2 v2.11.0/go.mod h1:Bze95FyfUr7x34QZrjL+XP+0qgp/zg8yS+TtBj1WA3k=
github.com/alecthomas/chroma/v2 v2.15.0 h1:LxXTQHFoYrstG2nnV9y2X5O94sOBzf0CIUpSTbpxvMc=
github.com/alecthomas/chroma/v2 v2.15.0/go.mod h1:gUhVLrPDXPtp/f+L1jo9xepo9gL4eLwRuGAunSZMkio=
github.com/alecthomas/repr v0.4.0 h1:GhI2A8MACjfegCPVq9f1FLvIBS+DrQ2KQBFZP1iFzXc=
github.com/alecthomas/repr v0.4.0/go.mod h1:Fr0507jx4eOXV7AlPV6AVZLYrLIuIeSOWtW57eE/O/4=
github.com/cespare/xxhash/v2 v2.3.0 h1:UL815xU9SqsFlibzuggzjXhog7bL6oX9BbNZnL2UFvs=
github.com/cespare/xxhash/v2 v2.3.0/go.mod h1:VGX0DQ3Q6kWi7AoAeZDth3/j3BFtOZR5XLFGgcrjCOs=
github.com/ddkwork/golibrary v0.0.91-0.20250305180712-ddf6d725a722 h1:hS0HTAtQ/JdDURwLDe0F+c4QvnXxRavvPS99mpL5Gas=
github.com/ddkwork/golibrary v0.0.91-0.20250305180712-ddf6d725a722/go.mod h1:afs36GEYYsVLFfdeMY6DSQzkKueVsU+2yV4S+GPoImw=
github.com/ddkwork/toolbox v0.0.0-20250305101644-ff54d4ae6db5 h1:ABW/zoPcZKfR3kb2GXcpXEUSmCX9BbCPAvGoLyX8tHw=
github.com/ddkwork/toolbox v0.0.0-20250305101644-ff54d4ae6db5/go.mod h1:QXd1ui//O5KYonRw9rl3lFhxLRtzF4U+yPDYSNlUcMo=
github.com/ddkwork/unison v0.0.0-20250305180242-a5dfb06bd092 h1:zvw7xvH9JXrxPFYNxYAKfOQto7nmZttGAMnPhZ/KRyg=
github.com/ddkwork/unison v0.0.0-20250305180242-a5dfb06bd092/go.mod h1:DQaVYGkakWzB0hyIxYhLzq39gmtSAQOIrouYsVgYpCU=
github.com/dlclark/regexp2 v1.11.5 h1:Q/sSnsKerHeCkc/jSTNq1oCm7KiVgUMZRDUoRu0JQZQ=
github.com/dlclark/regexp2 v1.11.5/go.mod h1:DHkYz0B9wPfa6wondMfaivmHpzrQ3v9q8cnmRbL6yW8=
github.com/ebitengine/purego v0.9.0-alpha.2.0.20250211193246-e9fe9ab98c53 h1:y31FAV0LwnzpfVBd+ZDPl/LQWKnNSDWv9qy8Gakl9LM=
github.com/ebitengine/purego v0.9.0-alpha.2.0.20250211193246-e9fe9ab98c53/go.mod h1:iIjxzd6CiRiOG0UyXP+V1+jWqUXVjPKLAI0mRfJZTmQ=
github.com/edsrzf/mmap-go v1.1.0 h1:6EUwBLQ/Mcr1EYLE4Tn1VdW1A4ckqCQWZBw8Hr0kjpQ=
github.com/edsrzf/mmap-go v1.1.0/go.mod h1:19H/e8pUPLicwkyNgOykDXkJ9F0MHE+Z52B8EIth78Q=
github.com/go-text/typesetting v0.3.0 h1:OWCgYpp8njoxSRpwrdd1bQOxdjOXDj9Rqart9ML4iF4=
github.com/go-text/typesetting v0.3.0/go.mod h1:qjZLkhRgOEYMhU9eHBr3AR4sfnGJvOXNLt8yRAySFuY=
github.com/go-text/typesetting-utils v0.0.0-20241103174707-87a29e9e6066 h1:qCuYC+94v2xrb1PoS4NIDe7DGYtLnU2wWiQe9a1B1c0=
github.com/go-text/typesetting-utils v0.0.0-20241103174707-87a29e9e6066/go.mod h1:DDxDdQEnB70R8owOx3LVpEFvpMK9eeH1o2r0yZhFI9o=
github.com/google/go-cmp v0.7.0 h1:wk8382ETsv4JYUZwIsn6YpYiWiBsYLSJiTsyBybVuN8=
github.com/google/go-cmp v0.7.0/go.mod h1:pXiqmnSA92OHEEa9HXL2W4E7lf9JzCmGVUdgjX3N/iU=
github.com/google/uuid v1.6.0 h1:NIvaJDMOsjHA8n1jAhLSgzrAzy1Hgr+hNrb57e+94F0=
github.com/google/uuid v1.6.0/go.mod h1:TIyPZe4MgqvfeYDBFedMoGGpEw/LqOeaOT+nhxU+yHo=
github.com/hexops/gotextdiff v1.0.3 h1:gitA9+qJrrTCsiCl7+kh75nPqQt1cx4ZkudSTLoUqJM=
github.com/hexops/gotextdiff v1.0.3/go.mod h1:pSWU5MAI3yDq+fZBTazCSJysOMbxWL1BSow5/V2vxeg=
github.com/oligo/gvcode v0.0.3-0.20250301165326-8108008a5bcb h1:CqnT/FFuQ3Q3wto3mbWB2aGwRwwH6IB1Aq9BmgGpIws=
github.com/oligo/gvcode v0.0.3-0.20250301165326-8108008a5bcb/go.mod h1:FbEzms1rI1zSHa7EEkupx9FtGnuNa+pqdXuaRbr0YxE=
github.com/pkg/term v1.2.0-beta.2 h1:L3y/h2jkuBVFdWiJvNfYfKmzcCnILw7mJWm2JQuMppw=
github.com/pkg/term v1.2.0-beta.2/go.mod h1:E25nymQcrSllhX42Ok8MRm1+hyBdHY0dCeiKZ9jpNGw=
github.com/richardwilkes/json v0.3.0 h1:Rk7tgpaEudc2C+Vg5pt0idJDX8/wXqxBlt3Uz8A/oXY=
github.com/richardwilkes/json v0.3.0/go.mod h1:+7qk1QXSKh+NkY0meiJwK57rPnVRbltG3bYnt40Ak4c=
github.com/saferwall/pe v1.5.6 h1:DrRLnoQFxHWJ5lJUmrH7X2L0xeUu6SUS95Dc61eW2Yc=
github.com/saferwall/pe v1.5.6/go.mod h1:mJx+PuptmNpoPFBNhWs/uDMFL/kTHVZIkg0d4OUJFbQ=
github.com/secDre4mer/pkcs7 v0.0.0-20240322103146-665324a4461d h1:RQqyEogx5J6wPdoxqL132b100j8KjcVHO1c0KLRoIhc=
github.com/secDre4mer/pkcs7 v0.0.0-20240322103146-665324a4461d/go.mod h1:PegD7EVqlN88z7TpCqH92hHP+GBpfomGCCnw1PFtNOA=
github.com/yuin/goldmark v1.4.13/go.mod h1:6yULJ656Px+3vBD8DxQVa3kxgyrAnzto9xy5taEt/CY=
github.com/yuin/goldmark v1.7.8 h1:iERMLn0/QJeHFhxSt3p6PeN9mGnvIKSpG9YYorDMnic=
github.com/yuin/goldmark v1.7.8/go.mod h1:uzxRWxtg69N339t3louHJ7+O03ezfj6PlliRlaOzY1E=
golang.org/x/crypto v0.0.0-20190308221718-c2843e01d9a2/go.mod h1:djNgcEr1/C05ACkg1iLfiJU5Ep61QUkGW8qpdssI0+w=
golang.org/x/crypto v0.0.0-20210921155107-089bfa567519/go.mod h1:GvvjBRRGRdwPK5ydBHafDWAxML/pGHZbMvKqRZ5+Abc=
golang.org/x/exp v0.0.0-20250228200357-dead58393ab7 h1:aWwlzYV971S4BXRS9AmqwDLAD85ouC6X+pocatKY58c=
golang.org/x/exp v0.0.0-20250228200357-dead58393ab7/go.mod h1:BHOTPb3L19zxehTsLoJXVaTktb06DFgmdW6Wb9s8jqk=
golang.org/x/exp/shiny v0.0.0-20250228200357-dead58393ab7 h1:VxTRg3kpOpYQ+S2PlDH9x2j/ZOQMxVsPgdYYRvkErNY=
golang.org/x/exp/shiny v0.0.0-20250228200357-dead58393ab7/go.mod h1:ygj7T6vSGhhm/9yTpOQQNvuAUFziTH7RUiH74EoE2C8=
golang.org/x/image v0.25.0 h1:Y6uW6rH1y5y/LK1J8BPWZtr6yZ7hrsy6hFrXjgsc2fQ=
golang.org/x/image v0.25.0/go.mod h1:tCAmOEGthTtkalusGp1g3xa2gke8J6c2N565dTyl9Rs=
golang.org/x/mod v0.6.0-dev.0.20220419223038-86c51ed26bb4/go.mod h1:jJ57K6gSWd91VN4djpZkiMVwK6gcyfeH4XE8wZrZaV4=
golang.org/x/mod v0.24.0 h1:ZfthKaKaT4NrhGVZHO1/WDTwGES4De8KtWO0SIbNJMU=
golang.org/x/mod v0.24.0/go.mod h1:IXM97Txy2VM4PJ3gI61r1YEk/gAj6zAHN3AdZt6S9Ww=
golang.org/x/net v0.0.0-20190620200207-3b0461eec859/go.mod h1:z5CRVTTTmAJ677TzLLGU+0bjPO0LkuOLi4/5GtJWs/s=
golang.org/x/net v0.0.0-20210226172049-e18ecbb05110/go.mod h1:m0MpNAwzfU5UDzcl9v0D8zg8gWTRqZa9RBIspLL5mdg=
golang.org/x/net v0.0.0-20220722155237-a158d28d115b/go.mod h1:XRhObCWvk6IyKnWLug+ECip1KBveYUHfp+8e9klMJ9c=
golang.org/x/net v0.35.0 h1:T5GQRQb2y08kTAByq9L4/bz8cipCdA8FbRTXewonqY8=
golang.org/x/net v0.35.0/go.mod h1:EglIi67kWsHKlRzzVMUD93VMSWGFOMSZgxFjparz1Qk=
golang.org/x/sync v0.0.0-20190423024810-112230192c58/go.mod h1:RxMgew5VJxzue5/jJTE5uejpjVlOe/izrB70Jof72aM=
golang.org/x/sync v0.0.0-20220722155255-886fb9371eb4/go.mod h1:RxMgew5VJxzue5/jJTE5uejpjVlOe/izrB70Jof72aM=
golang.org/x/sync v0.12.0 h1:MHc5BpPuC30uJk597Ri8TV3CNZcTLu6B6z4lJy+g6Jw=
golang.org/x/sync v0.12.0/go.mod h1:1dzgHSNfp02xaA81J2MS99Qcpr2w7fw1gpm99rleRqA=
golang.org/x/sys v0.0.0-20190215142949-d0b11bdaac8a/go.mod h1:STP8DvDyc/dI5b8T5hshtkjS+E42TnysNCUPdjciGhY=
golang.org/x/sys v0.0.0-20200909081042-eff7692f9009/go.mod h1:h1NjWce9XRLGQEsW7wpKNCjG9DtNlClVuFLEZdDNbEs=
golang.org/x/sys v0.0.0-20201119102817-f84b799fce68/go.mod h1:h1NjWce9XRLGQEsW7wpKNCjG9DtNlClVuFLEZdDNbEs=
golang.org/x/sys v0.0.0-20210615035016-665e8c7367d1/go.mod h1:oPkhp1MJrh7nUepCBck5+mAzfO9JrbApNNgaTdGDITg=
golang.org/x/sys v0.0.0-20211216021012-1d35b9e2eb4e/go.mod h1:oPkhp1MJrh7nUepCBck5+mAzfO9JrbApNNgaTdGDITg=
golang.org/x/sys v0.0.0-20220520151302-bc2c85ada10a/go.mod h1:oPkhp1MJrh7nUepCBck5+mAzfO9JrbApNNgaTdGDITg=
golang.org/x/sys v0.0.0-20220722155257-8c9f86f7a55f/go.mod h1:oPkhp1MJrh7nUepCBck5+mAzfO9JrbApNNgaTdGDITg=
golang.org/x/sys v0.31.0 h1:ioabZlmFYtWhL+TRYpcnNlLwhyxaM9kWTDEmfnprqik=
golang.org/x/sys v0.31.0/go.mod h1:BJP2sWEmIv4KK5OTEluFJCKSidICx8ciO85XgH3Ak8k=
golang.org/x/term v0.0.0-20201126162022-7de9c90e9dd1/go.mod h1:bj7SfCRtBDWHUb9snDiAeCFNEtKQo2Wmx5Cou7ajbmo=
golang.org/x/term v0.0.0-20210927222741-03fcf44c2211/go.mod h1:jbD1KX2456YbFQfuXm/mYQcufACuNUgVhRMnK/tPxf8=
golang.org/x/text v0.3.0/go.mod h1:NqM8EUOU14njkJ3fqMW+pc6Ldnwhi/IjpwHt7yyuwOQ=
golang.org/x/text v0.3.3/go.mod h1:5Zoc/QRtKVWzQhOtBMvqHzDpF6irO9z98xDceosuGiQ=
golang.org/x/text v0.3.7/go.mod h1:u+2+/6zg+i71rQMx5EYifcz6MCKuco9NR6JIITiCfzQ=
golang.org/x/text v0.7.0/go.mod h1:mrYo+phRRbMaCq/xk9113O4dZlRixOauAjOtrjsXDZ8=
golang.org/x/text v0.23.0 h1:D71I7dUrlY+VX0gQShAThNGHFxZ13dGLBHQLVl1mJlY=
golang.org/x/text v0.23.0/go.mod h1:/BLNzu4aZCJ1+kcD0DNRotWKage4q2rGVAg4o22unh4=
golang.org/x/tools v0.0.0-20180917221912-90fa682c2a6e/go.mod h1:n7NCudcB/nEzxVGmLbDWY5pfWTLqBcC2KZ6jyYvM4mQ=
golang.org/x/tools v0.0.0-20191119224855-298f0cb1881e/go.mod h1:b+2E5dAYhXwXZwtnZ6UAqBI28+e2cm9otk0dWdXHAEo=
golang.org/x/tools v0.1.12/go.mod h1:hNGJHUnrk76NpqgfD5Aqm5Crs+Hm0VOH/i9J2+nxYbc=
golang.org/x/tools v0.30.0 h1:BgcpHewrV5AUp2G9MebG4XPFI1E2W41zU1SaqVA9vJY=
golang.org/x/tools v0.30.0/go.mod h1:c347cR/OJfw5TI+GfX7RUPNMdDRRbjvYTS0jPyvsVtY=
golang.org/x/xerrors v0.0.0-20190717185122-a985d3407aa7/go.mod h1:I/5z698sn9Ka8TeJc9MKroUUfqBBauWjQqLJ2OPfmY0=
gopkg.in/check.v1 v0.0.0-20161208181325-20d25e280405/go.mod h1:Co6ibVJAznAaIkqp8huTwlJQCZ016jof/cbN4VW5Yz0=
gopkg.in/yaml.v3 v3.0.1 h1:fxVm/GzAzEWqLHuvctI91KS9hhNmmWOoWu0XTYJS7CA=
gopkg.in/yaml.v3 v3.0.1/go.mod h1:K4uyk7z7BCEPqu6E+C64Yfv1cQ7kz7rIZviUmN+EgEM=
